
Microsoft Visual Studio Solution File, Format Version 12.00
# Visual Studio Version 17
VisualStudioVersion = 17.9.34902.65
MinimumVisualStudioVersion = 10.0.40219.1
Project("{FAE04EC0-301F-11D3-BF4B-00C04F79EFBC}") = "MinimalAPIsMovies", "MinimalAPIsMovies\MinimalAPIsMovies.csproj", "{841529DE-E354-4347-A1B5-E406CC23862B}"
EndProject
Global
	GlobalSection(SolutionConfigurationPlatforms) = preSolution
		Debug|Any CPU = Debug|Any CPU
		Release|Any CPU = Release|Any CPU
	EndGlobalSection
	GlobalSection(ProjectConfigurationPlatforms) = postSolution
		{841529DE-E354-4347-A1B5-E406CC23862B}.Debug|Any CPU.ActiveCfg = Debug|Any CPU
		{841529DE-E354-4347-A1B5-E406CC23862B}.Debug|Any CPU.Build.0 = Debug|Any CPU
		{841529DE-E354-4347-A1B5-E406CC23862B}.Release|Any CPU.ActiveCfg = Release|Any CPU
		{841529DE-E354-4347-A1B5-E406CC23862B}.Release|Any CPU.Build.0 = Release|Any CPU
	EndGlobalSection
	GlobalSection(SolutionProperties) = preSolution
		HideSolutionNode = FALSE
	EndGlobalSection
	GlobalSection(ExtensibilityGlobals) = postSolution
		SolutionGuid = {94CDE5BC-E7B5-44FD-86BA-012C537749E1}
	EndGlobalSection
EndGlobal
